
Microsoft Visual Studio Solution File, Format Version 11.00
# Visual C++ Express 2010
Project("{8BC9CEB8-8B4A-11D0-8D11-00A0C91BC942}") = "Server", "Server\Server.vcxproj", "{80AE8C26-6F82-466D-9D59-3DCE2C95FA25}"
EndProject
Global
	GlobalSection(SolutionConfigurationPlatforms) = preSolution
		Debug|Win32 = Debug|Win32
		Release|Win32 = Release|Win32
	EndGlobalSection
	GlobalSection(ProjectConfigurationPlatforms) = postSolution
		{80AE8C26-6F82-466D-9D59-3DCE2C95FA25}.Debug|Win32.ActiveCfg = Debug|Win32
		{80AE8C26-6F82-466D-9D59-3DCE2C95FA25}.Debug|Win32.Build.0 = Debug|Win32
		{80AE8C26-6F82-466D-9D59-3DCE2C95FA25}.Release|Win32.ActiveCfg = Release|Win32
		{80AE8C26-6F82-466D-9D59-3DCE2C95FA25}.Release|Win32.Build.0 = Release|Win32
	EndGlobalSection
	GlobalSection(SolutionProperties) = preSolution
		HideSolutionNode = FALSE
	EndGlobalSection
EndGlobal
